
Microsoft Visual Studio Solution File, Format Version 12.00
# Visual Studio Version 17
VisualStudioVersion = 17.2.32616.157
MinimumVisualStudioVersion = 10.0.40219.1
Project("{FAE04EC0-301F-11D3-BF4B-00C04F79EFBC}") = "CheeseLover.Web", "CheeseLover.Web\CheeseLover.Web.csproj", "{CDCCE3A3-75E0-48DC-A18D-F3C0EF4B1597}"
EndProject
Project("{FAE04EC0-301F-11D3-BF4B-00C04F79EFBC}") = "CheeseLover.Api", "CheeseLover.Api\CheeseLover.Api.csproj", "{36F3F335-5EDC-486B-987A-002B4875E2E3}"
EndProject
Project("{FAE04EC0-301F-11D3-BF4B-00C04F79EFBC}") = "CheeseLover.Shared", "CheeseLover.Shared\CheeseLover.Shared.csproj", "{84149DE5-8681-4B5F-8998-C51A147502F7}"
EndProject
Global
	GlobalSection(SolutionConfigurationPlatforms) = preSolution
		Debug|Any CPU = Debug|Any CPU
		Release|Any CPU = Release|Any CPU
	EndGlobalSection
	GlobalSection(ProjectConfigurationPlatforms) = postSolution
		{CDCCE3A3-75E0-48DC-A18D-F3C0EF4B1597}.Debug|Any CPU.ActiveCfg = Debug|Any CPU
		{CDCCE3A3-75E0-48DC-A18D-F3C0EF4B1597}.Debug|Any CPU.Build.0 = Debug|Any CPU
		{CDCCE3A3-75E0-48DC-A18D-F3C0EF4B1597}.Release|Any CPU.ActiveCfg = Release|Any CPU
		{CDCCE3A3-75E0-48DC-A18D-F3C0EF4B1597}.Release|Any CPU.Build.0 = Release|Any CPU
		{36F3F335-5EDC-486B-987A-002B4875E2E3}.Debug|Any CPU.ActiveCfg = Debug|Any CPU
		{36F3F335-5EDC-486B-987A-002B4875E2E3}.Debug|Any CPU.Build.0 = Debug|Any CPU
		{36F3F335-5EDC-486B-987A-002B4875E2E3}.Release|Any CPU.ActiveCfg = Release|Any CPU
		{36F3F335-5EDC-486B-987A-002B4875E2E3}.Release|Any CPU.Build.0 = Release|Any CPU
		{84149DE5-8681-4B5F-8998-C51A147502F7}.Debug|Any CPU.ActiveCfg = Debug|Any CPU
		{84149DE5-8681-4B5F-8998-C51A147502F7}.Debug|Any CPU.Build.0 = Debug|Any CPU
		{84149DE5-8681-4B5F-8998-C51A147502F7}.Release|Any CPU.ActiveCfg = Release|Any CPU
		{84149DE5-8681-4B5F-8998-C51A147502F7}.Release|Any CPU.Build.0 = Release|Any CPU
	EndGlobalSection
	GlobalSection(SolutionProperties) = preSolution
		HideSolutionNode = FALSE
	EndGlobalSection
	GlobalSection(ExtensibilityGlobals) = postSolution
		SolutionGuid = {6EFDB382-CE2D-4C7B-BEFA-CEDB44E8C7AA}
	EndGlobalSection
EndGlobal
